
Microsoft Visual Studio Solution File, Format Version 12.00
# Visual Studio Version 16
VisualStudioVersion = 16.0.30309.148
MinimumVisualStudioVersion = 10.0.40219.1
Project("{FAE04EC0-301F-11D3-BF4B-00C04F79EFBC}") = "ChatBot.Presentation", "ChatBot.Presentation\ChatBot.Presentation.csproj", "{B63E53C2-4FBD-45D7-9ADD-62923AD52ADA}"
EndProject
Global
	GlobalSection(SolutionConfigurationPlatforms) = preSolution
		Debug|Any CPU = Debug|Any CPU
		Release|Any CPU = Release|Any CPU
	EndGlobalSection
	GlobalSection(ProjectConfigurationPlatforms) = postSolution
		{B63E53C2-4FBD-45D7-9ADD-62923AD52ADA}.Debug|Any CPU.ActiveCfg = Debug|Any CPU
		{B63E53C2-4FBD-45D7-9ADD-62923AD52ADA}.Debug|Any CPU.Build.0 = Debug|Any CPU
		{B63E53C2-4FBD-45D7-9ADD-62923AD52ADA}.Release|Any CPU.ActiveCfg = Release|Any CPU
		{B63E53C2-4FBD-45D7-9ADD-62923AD52ADA}.Release|Any CPU.Build.0 = Release|Any CPU
	EndGlobalSection
	GlobalSection(SolutionProperties) = preSolution
		HideSolutionNode = FALSE
	EndGlobalSection
	GlobalSection(ExtensibilityGlobals) = postSolution
		SolutionGuid = {37686A19-445C-4BFE-A9A0-9B2C35193482}
	EndGlobalSection
EndGlobal
